// !$*UTF8*$!
{
	archiveVersion = 1;
	classes = {
	};
	objectVersion = 55;
	objects = {

/* Begin PBXBuildFile section */
		9E2BED0228CA37CE0042A2D0 /* Modifier.swift in Sources */ = {isa = PBXBuildFile; fileRef = 9E2BED0128CA37CE0042A2D0 /* Modifier.swift */; };
		9E4CCCF228B793C900714644 /* UpdateDetail.swift in Sources */ = {isa = PBXBuildFile; fileRef = 9E4CCCF128B793C900714644 /* UpdateDetail.swift */; };
		9E4CCCF428B7967800714644 /* UpdateStore.swift in Sources */ = {isa = PBXBuildFile; fileRef = 9E4CCCF328B7967800714644 /* UpdateStore.swift */; };
		9E4CCCF628B7A9AB00714644 /* TabBar.swift in Sources */ = {isa = PBXBuildFile; fileRef = 9E4CCCF528B7A9AA00714644 /* TabBar.swift */; };
		9E4CCCF828B7BBD900714644 /* RingView.swift in Sources */ = {isa = PBXBuildFile; fileRef = 9E4CCCF728B7BBD900714644 /* RingView.swift */; };
		9E962F7628B55C4000ED477B /* MenueRow.swift in Sources */ = {isa = PBXBuildFile; fileRef = 9E962F7528B55C4000ED477B /* MenueRow.swift */; };
		9E962F7828B55DE400ED477B /* MenuView.swift in Sources */ = {isa = PBXBuildFile; fileRef = 9E962F7728B55DE400ED477B /* MenuView.swift */; };
		9E962F7A28B67EAB00ED477B /* Home.swift in Sources */ = {isa = PBXBuildFile; fileRef = 9E962F7928B67EAB00ED477B /* Home.swift */; };
		9E962F7C28B6885F00ED477B /* HomeView.swift in Sources */ = {isa = PBXBuildFile; fileRef = 9E962F7B28B6885F00ED477B /* HomeView.swift */; };
		9E962F7E28B6A32E00ED477B /* UpdateList.swift in Sources */ = {isa = PBXBuildFile; fileRef = 9E962F7D28B6A32E00ED477B /* UpdateList.swift */; };
		9EA5D8B028AD320800F85BB7 /* appOneSwiftUIApp.swift in Sources */ = {isa = PBXBuildFile; fileRef = 9EA5D8AF28AD320800F85BB7 /* appOneSwiftUIApp.swift */; };
		9EA5D8B228AD320800F85BB7 /* ContentView.swift in Sources */ = {isa = PBXBuildFile; fileRef = 9EA5D8B128AD320800F85BB7 /* ContentView.swift */; };
		9EF62DDE28CA4094002853EA /* Assets.xcassets in Resources */ = {isa = PBXBuildFile; fileRef = 9EA5D8B328AD320900F85BB7 /* Assets.xcassets */; };
		9EF62DDF28CA4094002853EA /* Preview Assets.xcassets in Resources */ = {isa = PBXBuildFile; fileRef = 9EA5D8B628AD320900F85BB7 /* Preview Assets.xcassets */; };
		9EF62DF728CA42F9002853EA /* Nunito-VariableFont_wght.ttf in Resources */ = {isa = PBXBuildFile; fileRef = 9EF62DE228CA42F9002853EA /* Nunito-VariableFont_wght.ttf */; };
		9EF62DF828CA42F9002853EA /* Nunito-Medium.ttf in Resources */ = {isa = PBXBuildFile; fileRef = 9EF62DE428CA42F9002853EA /* Nunito-Medium.ttf */; };
		9EF62DF928CA42F9002853EA /* Nunito-ExtraBoldItalic.ttf in Resources */ = {isa = PBXBuildFile; fileRef = 9EF62DE528CA42F9002853EA /* Nunito-ExtraBoldItalic.ttf */; };
		9EF62DFA28CA42F9002853EA /* Nunito-ExtraBold.ttf in Resources */ = {isa = PBXBuildFile; fileRef = 9EF62DE628CA42F9002853EA /* Nunito-ExtraBold.ttf */; };
		9EF62DFB28CA42F9002853EA /* Nunito-ExtraLightItalic.ttf in Resources */ = {isa = PBXBuildFile; fileRef = 9EF62DE728CA42F9002853EA /* Nunito-ExtraLightItalic.ttf */; };
		9EF62DFC28CA42F9002853EA /* Nunito-Light.ttf in Resources */ = {isa = PBXBuildFile; fileRef = 9EF62DE828CA42F9002853EA /* Nunito-Light.ttf */; };
		9EF62DFD28CA42F9002853EA /* Nunito-Regular.ttf in Resources */ = {isa = PBXBuildFile; fileRef = 9EF62DE928CA42F9002853EA /* Nunito-Regular.ttf */; };
		9EF62DFE28CA42F9002853EA /* Nunito-SemiBold.ttf in Resources */ = {isa = PBXBuildFile; fileRef = 9EF62DEA28CA42F9002853EA /* Nunito-SemiBold.ttf */; };
		9EF62DFF28CA42F9002853EA /* Nunito-Bold.ttf in Resources */ = {isa = PBXBuildFile; fileRef = 9EF62DEB28CA42F9002853EA /* Nunito-Bold.ttf */; };
		9EF62E0028CA42F9002853EA /* Nunito-BoldItalic.ttf in Resources */ = {isa = PBXBuildFile; fileRef = 9EF62DEC28CA42F9002853EA /* Nunito-BoldItalic.ttf */; };
		9EF62E0128CA42F9002853EA /* Nunito-Black.ttf in Resources */ = {isa = PBXBuildFile; fileRef = 9EF62DED28CA42F9002853EA /* Nunito-Black.ttf */; };
		9EF62E0228CA42F9002853EA /* Nunito-ExtraLight.ttf in Resources */ = {isa = PBXBuildFile; fileRef = 9EF62DEE28CA42F9002853EA /* Nunito-ExtraLight.ttf */; };
		9EF62E0328CA42F9002853EA /* Nunito-SemiBoldItalic.ttf in Resources */ = {isa = PBXBuildFile; fileRef = 9EF62DEF28CA42F9002853EA /* Nunito-SemiBoldItalic.ttf */; };
		9EF62E0428CA42F9002853EA /* Nunito-BlackItalic.ttf in Resources */ = {isa = PBXBuildFile; fileRef = 9EF62DF028CA42F9002853EA /* Nunito-BlackItalic.ttf */; };
		9EF62E0528CA42F9002853EA /* Nunito-Italic.ttf in Resources */ = {isa = PBXBuildFile; fileRef = 9EF62DF128CA42F9002853EA /* Nunito-Italic.ttf */; };
		9EF62E0628CA42F9002853EA /* Nunito-LightItalic.ttf in Resources */ = {isa = PBXBuildFile; fileRef = 9EF62DF228CA42F9002853EA /* Nunito-LightItalic.ttf */; };
		9EF62E0728CA42F9002853EA /* Nunito-MediumItalic.ttf in Resources */ = {isa = PBXBuildFile; fileRef = 9EF62DF328CA42F9002853EA /* Nunito-MediumItalic.ttf */; };
		9EF62E0828CA42F9002853EA /* OFL.txt in Resources */ = {isa = PBXBuildFile; fileRef = 9EF62DF428CA42F9002853EA /* OFL.txt */; };
		9EF62E0928CA42F9002853EA /* Nunito-Italic-VariableFont_wght.ttf in Resources */ = {isa = PBXBuildFile; fileRef = 9EF62DF528CA42F9002853EA /* Nunito-Italic-VariableFont_wght.ttf */; };
		9EF62E0A28CA42F9002853EA /* README.txt in Resources */ = {isa = PBXBuildFile; fileRef = 9EF62DF628CA42F9002853EA /* README.txt */; };
/* End PBXBuildFile section */

/* Begin PBXFileReference section */
		9E2BED0128CA37CE0042A2D0 /* Modifier.swift */ = {isa = PBXFileReference; lastKnownFileType = sourcecode.swift; path = Modifier.swift; sourceTree = "<group>"; };
		9E2BED3128CA3A390042A2D0 /* Info.plist */ = {isa = PBXFileReference; lastKnownFileType = text.plist; path = Info.plist; sourceTree = "<group>"; };
		9E4CCCF128B793C900714644 /* UpdateDetail.swift */ = {isa = PBXFileReference; lastKnownFileType = sourcecode.swift; path = UpdateDetail.swift; sourceTree = "<group>"; };
		9E4CCCF328B7967800714644 /* UpdateStore.swift */ = {isa = PBXFileReference; lastKnownFileType = sourcecode.swift; path = UpdateStore.swift; sourceTree = "<group>"; };
		9E4CCCF528B7A9AA00714644 /* TabBar.swift */ = {isa = PBXFileReference; lastKnownFileType = sourcecode.swift; path = TabBar.swift; sourceTree = "<group>"; };
		9E4CCCF728B7BBD900714644 /* RingView.swift */ = {isa = PBXFileReference; lastKnownFileType = sourcecode.swift; path = RingView.swift; sourceTree = "<group>"; };
		9E962F7528B55C4000ED477B /* MenueRow.swift */ = {isa = PBXFileReference; lastKnownFileType = sourcecode.swift; path = MenueRow.swift; sourceTree = "<group>"; };
		9E962F7728B55DE400ED477B /* MenuView.swift */ = {isa = PBXFileReference; lastKnownFileType = sourcecode.swift; path = MenuView.swift; sourceTree = "<group>"; };
		9E962F7928B67EAB00ED477B /* Home.swift */ = {isa = PBXFileReference; lastKnownFileType = sourcecode.swift; path = Home.swift; sourceTree = "<group>"; };
		9E962F7B28B6885F00ED477B /* HomeView.swift */ = {isa = PBXFileReference; lastKnownFileType = sourcecode.swift; path = HomeView.swift; sourceTree = "<group>"; };
		9E962F7D28B6A32E00ED477B /* UpdateList.swift */ = {isa = PBXFileReference; lastKnownFileType = sourcecode.swift; path = UpdateList.swift; sourceTree = "<group>"; };
		9EA5D8AC28AD320800F85BB7 /* appOneSwiftUI.app */ = {isa = PBXFileReference; explicitFileType = wrapper.application; includeInIndex = 0; path = appOneSwiftUI.app; sourceTree = BUILT_PRODUCTS_DIR; };
		9EA5D8AF28AD320800F85BB7 /* appOneSwiftUIApp.swift */ = {isa = PBXFileReference; lastKnownFileType = sourcecode.swift; path = appOneSwiftUIApp.swift; sourceTree = "<group>"; };
		9EA5D8B128AD320800F85BB7 /* ContentView.swift */ = {isa = PBXFileReference; lastKnownFileType = sourcecode.swift; path = ContentView.swift; sourceTree = "<group>"; };
		9EA5D8B328AD320900F85BB7 /* Assets.xcassets */ = {isa = PBXFileReference; lastKnownFileType = folder.assetcatalog; path = Assets.xcassets; sourceTree = "<group>"; };
		9EA5D8B628AD320900F85BB7 /* Preview Assets.xcassets */ = {isa = PBXFileReference; lastKnownFileType = folder.assetcatalog; path = "Preview Assets.xcassets"; sourceTree = "<group>"; };
		9EF62DE228CA42F9002853EA /* Nunito-VariableFont_wght.ttf */ = {isa = PBXFileReference; lastKnownFileType = file; path = "Nunito-VariableFont_wght.ttf"; sourceTree = "<group>"; };
		9EF62DE428CA42F9002853EA /* Nunito-Medium.ttf */ = {isa = PBXFileReference; lastKnownFileType = file; path = "Nunito-Medium.ttf"; sourceTree = "<group>"; };
		9EF62DE528CA42F9002853EA /* Nunito-ExtraBoldItalic.ttf */ = {isa = PBXFileReference; lastKnownFileType = file; path = "Nunito-ExtraBoldItalic.ttf"; sourceTree = "<group>"; };
		9EF62DE628CA42F9002853EA /* Nunito-ExtraBold.ttf */ = {isa = PBXFileReference; lastKnownFileType = file; path = "Nunito-ExtraBold.ttf"; sourceTree = "<group>"; };
		9EF62DE728CA42F9002853EA /* Nunito-ExtraLightItalic.ttf */ = {isa = PBXFileReference; lastKnownFileType = file; path = "Nunito-ExtraLightItalic.ttf"; sourceTree = "<group>"; };
		9EF62DE828CA42F9002853EA /* Nunito-Light.ttf */ = {isa = PBXFileReference; lastKnownFileType = file; path = "Nunito-Light.ttf"; sourceTree = "<group>"; };
		9EF62DE928CA42F9002853EA /* Nunito-Regular.ttf */ = {isa = PBXFileReference; lastKnownFileType = file; path = "Nunito-Regular.ttf"; sourceTree = "<group>"; };
		9EF62DEA28CA42F9002853EA /* Nunito-SemiBold.ttf */ = {isa = PBXFileReference; lastKnownFileType = file; path = "Nunito-SemiBold.ttf"; sourceTree = "<group>"; };
		9EF62DEB28CA42F9002853EA /* Nunito-Bold.ttf */ = {isa = PBXFileReference; lastKnownFileType = file; path = "Nunito-Bold.ttf"; sourceTree = "<group>"; };
		9EF62DEC28CA42F9002853EA /* Nunito-BoldItalic.ttf */ = {isa = PBXFileReference; lastKnownFileType = file; path = "Nunito-BoldItalic.ttf"; sourceTree = "<group>"; };
		9EF62DED28CA42F9002853EA /* Nunito-Black.ttf */ = {isa = PBXFileReference; lastKnownFileType = file; path = "Nunito-Black.ttf"; sourceTree = "<group>"; };
		9EF62DEE28CA42F9002853EA /* Nunito-ExtraLight.ttf */ = {isa = PBXFileReference; lastKnownFileType = file; path = "Nunito-ExtraLight.ttf"; sourceTree = "<group>"; };
		9EF62DEF28CA42F9002853EA /* Nunito-SemiBoldItalic.ttf */ = {isa = PBXFileReference; lastKnownFileType = file; path = "Nunito-SemiBoldItalic.ttf"; sourceTree = "<group>"; };
		9EF62DF028CA42F9002853EA /* Nunito-BlackItalic.ttf */ = {isa = PBXFileReference; lastKnownFileType = file; path = "Nunito-BlackItalic.ttf"; sourceTree = "<group>"; };
		9EF62DF128CA42F9002853EA /* Nunito-Italic.ttf */ = {isa = PBXFileReference; lastKnownFileType = file; path = "Nunito-Italic.ttf"; sourceTree = "<group>"; };
		9EF62DF228CA42F9002853EA /* Nunito-LightItalic.ttf */ = {isa = PBXFileReference; lastKnownFileType = file; path = "Nunito-LightItalic.ttf"; sourceTree = "<group>"; };
		9EF62DF328CA42F9002853EA /* Nunito-MediumItalic.ttf */ = {isa = PBXFileReference; lastKnownFileType = file; path = "Nunito-MediumItalic.ttf"; sourceTree = "<group>"; };
		9EF62DF428CA42F9002853EA /* OFL.txt */ = {isa = PBXFileReference; fileEncoding = 4; lastKnownFileType = text; path = OFL.txt; sourceTree = "<group>"; };
		9EF62DF528CA42F9002853EA /* Nunito-Italic-VariableFont_wght.ttf */ = {isa = PBXFileReference; lastKnownFileType = file; path = "Nunito-Italic-VariableFont_wght.ttf"; sourceTree = "<group>"; };
		9EF62DF628CA42F9002853EA /* README.txt */ = {isa = PBXFileReference; fileEncoding = 4; lastKnownFileType = text; path = README.txt; sourceTree = "<group>"; };
/* End PBXFileReference section */

/* Begin PBXFrameworksBuildPhase section */
		9EA5D8A928AD320800F85BB7 /* Frameworks */ = {
			isa = PBXFrameworksBuildPhase;
			buildActionMask = 2147483647;
			files = (
			);
			runOnlyForDeploymentPostprocessing = 0;
		};
/* End PBXFrameworksBuildPhase section */

/* Begin PBXGroup section */
		9EA5D8A328AD320800F85BB7 = {
			isa = PBXGroup;
			children = (
				9EA5D8AE28AD320800F85BB7 /* appOneSwiftUI */,
				9EA5D8AD28AD320800F85BB7 /* Products */,
			);
			sourceTree = "<group>";
		};
		9EA5D8AD28AD320800F85BB7 /* Products */ = {
			isa = PBXGroup;
			children = (
				9EA5D8AC28AD320800F85BB7 /* appOneSwiftUI.app */,
			);
			name = Products;
			sourceTree = "<group>";
		};
		9EA5D8AE28AD320800F85BB7 /* appOneSwiftUI */ = {
			isa = PBXGroup;
			children = (
				9E2BED3128CA3A390042A2D0 /* Info.plist */,
				9EA5D8AF28AD320800F85BB7 /* appOneSwiftUIApp.swift */,
				9EA5D8B128AD320800F85BB7 /* ContentView.swift */,
				9EA5D8B328AD320900F85BB7 /* Assets.xcassets */,
				9EF62DE128CA42F9002853EA /* Nunito */,
				9EA5D8B528AD320900F85BB7 /* Preview Content */,
				9E962F7528B55C4000ED477B /* MenueRow.swift */,
				9E962F7728B55DE400ED477B /* MenuView.swift */,
				9E962F7928B67EAB00ED477B /* Home.swift */,
				9E962F7B28B6885F00ED477B /* HomeView.swift */,
				9E962F7D28B6A32E00ED477B /* UpdateList.swift */,
				9E4CCCF128B793C900714644 /* UpdateDetail.swift */,
				9E4CCCF328B7967800714644 /* UpdateStore.swift */,
				9E4CCCF528B7A9AA00714644 /* TabBar.swift */,
				9E4CCCF728B7BBD900714644 /* RingView.swift */,
				9E2BED0128CA37CE0042A2D0 /* Modifier.swift */,
			);
			path = appOneSwiftUI;
			sourceTree = "<group>";
		};
		9EA5D8B528AD320900F85BB7 /* Preview Content */ = {
			isa = PBXGroup;
			children = (
				9EA5D8B628AD320900F85BB7 /* Preview Assets.xcassets */,
			);
			path = "Preview Content";
			sourceTree = "<group>";
		};
		9EF62DE128CA42F9002853EA /* Nunito */ = {
			isa = PBXGroup;
			children = (
				9EF62DE228CA42F9002853EA /* Nunito-VariableFont_wght.ttf */,
				9EF62DE328CA42F9002853EA /* static */,
				9EF62DF428CA42F9002853EA /* OFL.txt */,
				9EF62DF528CA42F9002853EA /* Nunito-Italic-VariableFont_wght.ttf */,
				9EF62DF628CA42F9002853EA /* README.txt */,
			);
			path = Nunito;
			sourceTree = "<group>";
		};
		9EF62DE328CA42F9002853EA /* static */ = {
			isa = PBXGroup;
			children = (
				9EF62DE428CA42F9002853EA /* Nunito-Medium.ttf */,
				9EF62DE528CA42F9002853EA /* Nunito-ExtraBoldItalic.ttf */,
				9EF62DE628CA42F9002853EA /* Nunito-ExtraBold.ttf */,
				9EF62DE728CA42F9002853EA /* Nunito-ExtraLightItalic.ttf */,
				9EF62DE828CA42F9002853EA /* Nunito-Light.ttf */,
				9EF62DE928CA42F9002853EA /* Nunito-Regular.ttf */,
				9EF62DEA28CA42F9002853EA /* Nunito-SemiBold.ttf */,
				9EF62DEB28CA42F9002853EA /* Nunito-Bold.ttf */,
				9EF62DEC28CA42F9002853EA /* Nunito-BoldItalic.ttf */,
				9EF62DED28CA42F9002853EA /* Nunito-Black.ttf */,
				9EF62DEE28CA42F9002853EA /* Nunito-ExtraLight.ttf */,
				9EF62DEF28CA42F9002853EA /* Nunito-SemiBoldItalic.ttf */,
				9EF62DF028CA42F9002853EA /* Nunito-BlackItalic.ttf */,
				9EF62DF128CA42F9002853EA /* Nunito-Italic.ttf */,
				9EF62DF228CA42F9002853EA /* Nunito-LightItalic.ttf */,
				9EF62DF328CA42F9002853EA /* Nunito-MediumItalic.ttf */,
			);
			path = static;
			sourceTree = "<group>";
		};
/* End PBXGroup section */

/* Begin PBXNativeTarget section */
		9EA5D8AB28AD320800F85BB7 /* appOneSwiftUI */ = {
			isa = PBXNativeTarget;
			buildConfigurationList = 9EA5D8BA28AD320900F85BB7 /* Build configuration list for PBXNativeTarget "appOneSwiftUI" */;
			buildPhases = (
				9EA5D8A828AD320800F85BB7 /* Sources */,
				9EA5D8A928AD320800F85BB7 /* Frameworks */,
				9EF62DDD28CA408F002853EA /* Resources */,
			);
			buildRules = (
			);
			dependencies = (
			);
			name = appOneSwiftUI;
			productName = appOneSwiftUI;
			productReference = 9EA5D8AC28AD320800F85BB7 /* appOneSwiftUI.app */;
			productType = "com.apple.product-type.application";
		};
/* End PBXNativeTarget section */

/* Begin PBXProject section */
		9EA5D8A428AD320800F85BB7 /* Project object */ = {
			isa = PBXProject;
			attributes = {
				BuildIndependentTargetsInParallel = 1;
				LastSwiftUpdateCheck = 1340;
				LastUpgradeCheck = 1340;
				TargetAttributes = {
					9EA5D8AB28AD320800F85BB7 = {
						CreatedOnToolsVersion = 13.4.1;
					};
				};
			};
			buildConfigurationList = 9EA5D8A728AD320800F85BB7 /* Build configuration list for PBXProject "appOneSwiftUI" */;
			compatibilityVersion = "Xcode 13.0";
			developmentRegion = en;
			hasScannedForEncodings = 0;
			knownRegions = (
				en,
				Base,
			);
			mainGroup = 9EA5D8A328AD320800F85BB7;
			productRefGroup = 9EA5D8AD28AD320800F85BB7 /* Products */;
			projectDirPath = "";
			projectRoot = "";
			targets = (
				9EA5D8AB28AD320800F85BB7 /* appOneSwiftUI */,
			);
		};
/* End PBXProject section */

/* Begin PBXResourcesBuildPhase section */
		9EF62DDD28CA408F002853EA /* Resources */ = {
			isa = PBXResourcesBuildPhase;
			buildActionMask = 2147483647;
			files = (
				9EF62DFB28CA42F9002853EA /* Nunito-ExtraLightItalic.ttf in Resources */,
				9EF62E0228CA42F9002853EA /* Nunito-ExtraLight.ttf in Resources */,
				9EF62E0A28CA42F9002853EA /* README.txt in Resources */,
				9EF62DF828CA42F9002853EA /* Nunito-Medium.ttf in Resources */,
				9EF62E0328CA42F9002853EA /* Nunito-SemiBoldItalic.ttf in Resources */,
				9EF62E0628CA42F9002853EA /* Nunito-LightItalic.ttf in Resources */,
				9EF62DF928CA42F9002853EA /* Nunito-ExtraBoldItalic.ttf in Resources */,
				9EF62DDE28CA4094002853EA /* Assets.xcassets in Resources */,
				9EF62DFE28CA42F9002853EA /* Nunito-SemiBold.ttf in Resources */,
				9EF62DFA28CA42F9002853EA /* Nunito-ExtraBold.ttf in Resources */,
				9EF62E0028CA42F9002853EA /* Nunito-BoldItalic.ttf in Resources */,
				9EF62E0828CA42F9002853EA /* OFL.txt in Resources */,
				9EF62DFF28CA42F9002853EA /* Nunito-Bold.ttf in Resources */,
				9EF62DF728CA42F9002853EA /* Nunito-VariableFont_wght.ttf in Resources */,
				9EF62E0128CA42F9002853EA /* Nunito-Black.ttf in Resources */,
				9EF62DFD28CA42F9002853EA /* Nunito-Regular.ttf in Resources */,
				9EF62DFC28CA42F9002853EA /* Nunito-Light.ttf in Resources */,
				9EF62DDF28CA4094002853EA /* Preview Assets.xcassets in Resources */,
				9EF62E0728CA42F9002853EA /* Nunito-MediumItalic.ttf in Resources */,
				9EF62E0428CA42F9002853EA /* Nunito-BlackItalic.ttf in Resources */,
				9EF62E0928CA42F9002853EA /* Nunito-Italic-VariableFont_wght.ttf in Resources */,
				9EF62E0528CA42F9002853EA /* Nunito-Italic.ttf in Resources */,
			);
			runOnlyForDeploymentPostprocessing = 0;
		};
/* End PBXResourcesBuildPhase section */

/* Begin PBXSourcesBuildPhase section */
		9EA5D8A828AD320800F85BB7 /* Sources */ = {
			isa = PBXSourcesBuildPhase;
			buildActionMask = 2147483647;
			files = (
				9EA5D8B228AD320800F85BB7 /* ContentView.swift in Sources */,
				9E4CCCF428B7967800714644 /* UpdateStore.swift in Sources */,
				9E962F7E28B6A32E00ED477B /* UpdateList.swift in Sources */,
				9E962F7828B55DE400ED477B /* MenuView.swift in Sources */,
				9E4CCCF228B793C900714644 /* UpdateDetail.swift in Sources */,
				9E4CCCF828B7BBD900714644 /* RingView.swift in Sources */,
				9E962F7A28B67EAB00ED477B /* Home.swift in Sources */,
				9E962F7C28B6885F00ED477B /* HomeView.swift in Sources */,
				9E2BED0228CA37CE0042A2D0 /* Modifier.swift in Sources */,
				9E962F7628B55C4000ED477B /* MenueRow.swift in Sources */,
				9EA5D8B028AD320800F85BB7 /* appOneSwiftUIApp.swift in Sources */,
				9E4CCCF628B7A9AB00714644 /* TabBar.swift in Sources */,
			);
			runOnlyForDeploymentPostprocessing = 0;
		};
/* End PBXSourcesBuildPhase section */

/* Begin XCBuildConfiguration section */
		9EA5D8B828AD320900F85BB7 /* Debug */ = {
			isa = XCBuildConfiguration;
			buildSettings = {
				ALWAYS_SEARCH_USER_PATHS = NO;
				CLANG_ANALYZER_NONNULL = YES;
				CLANG_ANALYZER_NUMBER_OBJECT_CONVERSION = YES_AGGRESSIVE;
				CLANG_CXX_LANGUAGE_STANDARD = "gnu++17";
				CLANG_ENABLE_MODULES = YES;
				CLANG_ENABLE_OBJC_ARC = YES;
				CLANG_ENABLE_OBJC_WEAK = YES;
				CLANG_WARN_BLOCK_CAPTURE_AUTORELEASING = YES;
				CLANG_WARN_BOOL_CONVERSION = YES;
				CLANG_WARN_COMMA = YES;
				CLANG_WARN_CONSTANT_CONVERSION = YES;
				CLANG_WARN_DEPRECATED_OBJC_IMPLEMENTATIONS = YES;
				CLANG_WARN_DIRECT_OBJC_ISA_USAGE = YES_ERROR;
				CLANG_WARN_DOCUMENTATION_COMMENTS = YES;
				CLANG_WARN_EMPTY_BODY = YES;
				CLANG_WARN_ENUM_CONVERSION = YES;
				CLANG_WARN_INFINITE_RECURSION = YES;
				CLANG_WARN_INT_CONVERSION = YES;
				CLANG_WARN_NON_LITERAL_NULL_CONVERSION = YES;
				CLANG_WARN_OBJC_IMPLICIT_RETAIN_SELF = YES;
				CLANG_WARN_OBJC_LITERAL_CONVERSION = YES;
				CLANG_WARN_OBJC_ROOT_CLASS = YES_ERROR;
				CLANG_WARN_QUOTED_INCLUDE_IN_FRAMEWORK_HEADER = YES;
				CLANG_WARN_RANGE_LOOP_ANALYSIS = YES;
				CLANG_WARN_STRICT_PROTOTYPES = YES;
				CLANG_WARN_SUSPICIOUS_MOVE = YES;
				CLANG_WARN_UNGUARDED_AVAILABILITY = YES_AGGRESSIVE;
				CLANG_WARN_UNREACHABLE_CODE = YES;
				CLANG_WARN__DUPLICATE_METHOD_MATCH = YES;
				COPY_PHASE_STRIP = NO;
				DEBUG_INFORMATION_FORMAT = dwarf;
				ENABLE_STRICT_OBJC_MSGSEND = YES;
				ENABLE_TESTABILITY = YES;
				GCC_C_LANGUAGE_STANDARD = gnu11;
				GCC_DYNAMIC_NO_PIC = NO;
				GCC_NO_COMMON_BLOCKS = YES;
				GCC_OPTIMIZATION_LEVEL = 0;
				GCC_PREPROCESSOR_DEFINITIONS = (
					"DEBUG=1",
					"$(inherited)",
				);
				GCC_WARN_64_TO_32_BIT_CONVERSION = YES;
				GCC_WARN_ABOUT_RETURN_TYPE = YES_ERROR;
				GCC_WARN_UNDECLARED_SELECTOR = YES;
				GCC_WARN_UNINITIALIZED_AUTOS = YES_AGGRESSIVE;
				GCC_WARN_UNUSED_FUNCTION = YES;
				GCC_WARN_UNUSED_VARIABLE = YES;
				IPHONEOS_DEPLOYMENT_TARGET = 15.5;
				MTL_ENABLE_DEBUG_INFO = INCLUDE_SOURCE;
				MTL_FAST_MATH = YES;
				ONLY_ACTIVE_ARCH = YES;
				SDKROOT = iphoneos;
				SWIFT_ACTIVE_COMPILATION_CONDITIONS = DEBUG;
				SWIFT_OPTIMIZATION_LEVEL = "-Onone";
			};
			name = Debug;
		};
		9EA5D8B928AD320900F85BB7 /* Release */ = {
			isa = XCBuildConfiguration;
			buildSettings = {
				ALWAYS_SEARCH_USER_PATHS = NO;
				CLANG_ANALYZER_NONNULL = YES;
				CLANG_ANALYZER_NUMBER_OBJECT_CONVERSION = YES_AGGRESSIVE;
				CLANG_CXX_LANGUAGE_STANDARD = "gnu++17";
				CLANG_ENABLE_MODULES = YES;
				CLANG_ENABLE_OBJC_ARC = YES;
				CLANG_ENABLE_OBJC_WEAK = YES;
				CLANG_WARN_BLOCK_CAPTURE_AUTORELEASING = YES;
				CLANG_WARN_BOOL_CONVERSION = YES;
				CLANG_WARN_COMMA = YES;
				CLANG_WARN_CONSTANT_CONVERSION = YES;
				CLANG_WARN_DEPRECATED_OBJC_IMPLEMENTATIONS = YES;
				CLANG_WARN_DIRECT_OBJC_ISA_USAGE = YES_ERROR;
				CLANG_WARN_DOCUMENTATION_COMMENTS = YES;
				CLANG_WARN_EMPTY_BODY = YES;
				CLANG_WARN_ENUM_CONVERSION = YES;
				CLANG_WARN_INFINITE_RECURSION = YES;
				CLANG_WARN_INT_CONVERSION = YES;
				CLANG_WARN_NON_LITERAL_NULL_CONVERSION = YES;
				CLANG_WARN_OBJC_IMPLICIT_RETAIN_SELF = YES;
				CLANG_WARN_OBJC_LITERAL_CONVERSION = YES;
				CLANG_WARN_OBJC_ROOT_CLASS = YES_ERROR;
				CLANG_WARN_QUOTED_INCLUDE_IN_FRAMEWORK_HEADER = YES;
				CLANG_WARN_RANGE_LOOP_ANALYSIS = YES;
				CLANG_WARN_STRICT_PROTOTYPES = YES;
				CLANG_WARN_SUSPICIOUS_MOVE = YES;
				CLANG_WARN_UNGUARDED_AVAILABILITY = YES_AGGRESSIVE;
				CLANG_WARN_UNREACHABLE_CODE = YES;
				CLANG_WARN__DUPLICATE_METHOD_MATCH = YES;
				COPY_PHASE_STRIP = NO;
				DEBUG_INFORMATION_FORMAT = "dwarf-with-dsym";
				ENABLE_NS_ASSERTIONS = NO;
				ENABLE_STRICT_OBJC_MSGSEND = YES;
				GCC_C_LANGUAGE_STANDARD = gnu11;
				GCC_NO_COMMON_BLOCKS = YES;
				GCC_WARN_64_TO_32_BIT_CONVERSION = YES;
				GCC_WARN_ABOUT_RETURN_TYPE = YES_ERROR;
				GCC_WARN_UNDECLARED_SELECTOR = YES;
				GCC_WARN_UNINITIALIZED_AUTOS = YES_AGGRESSIVE;
				GCC_WARN_UNUSED_FUNCTION = YES;
				GCC_WARN_UNUSED_VARIABLE = YES;
				IPHONEOS_DEPLOYMENT_TARGET = 15.5;
				MTL_ENABLE_DEBUG_INFO = NO;
				MTL_FAST_MATH = YES;
				SDKROOT = iphoneos;
				SWIFT_COMPILATION_MODE = wholemodule;
				SWIFT_OPTIMIZATION_LEVEL = "-O";
				VALIDATE_PRODUCT = YES;
			};
			name = Release;
		};
		9EA5D8BB28AD320900F85BB7 /* Debug */ = {
			isa = XCBuildConfiguration;
			buildSettings = {
				ASSETCATALOG_COMPILER_APPICON_NAME = AppIcon;
				ASSETCATALOG_COMPILER_GLOBAL_ACCENT_COLOR_NAME = AccentColor;
				CODE_SIGN_STYLE = Automatic;
				CURRENT_PROJECT_VERSION = 1;
				DEVELOPMENT_ASSET_PATHS = "\"appOneSwiftUI/Preview Content\"";
				DEVELOPMENT_TEAM = YV2MS7RRD5;
				ENABLE_PREVIEWS = YES;
				GENERATE_INFOPLIST_FILE = YES;
				INFOPLIST_FILE = appOneSwiftUI/Info.plist;
				INFOPLIST_KEY_UIApplicationSceneManifest_Generation = YES;
				INFOPLIST_KEY_UIApplicationSupportsIndirectInputEvents = YES;
				INFOPLIST_KEY_UILaunchScreen_Generation = YES;
				INFOPLIST_KEY_UISupportedInterfaceOrientations_iPad = "UIInterfaceOrientationPortrait UIInterfaceOrientationPortraitUpsideDown UIInterfaceOrientationLandscapeLeft UIInterfaceOrientationLandscapeRight";
				INFOPLIST_KEY_UISupportedInterfaceOrientations_iPhone = "UIInterfaceOrientationPortrait UIInterfaceOrientationLandscapeLeft UIInterfaceOrientationLandscapeRight";
				LD_RUNPATH_SEARCH_PATHS = (
					"$(inherited)",
					"@executable_path/Frameworks",
				);
				MARKETING_VERSION = 1.0;
				PRODUCT_BUNDLE_IDENTIFIER = com.mathis.appOneSwiftUI;
				PRODUCT_NAME = "$(TARGET_NAME)";
				SWIFT_EMIT_LOC_STRINGS = YES;
				SWIFT_VERSION = 5.0;
				TARGETED_DEVICE_FAMILY = "1,2";
			};
			name = Debug;
		};
		9EA5D8BC28AD320900F85BB7 /* Release */ = {
			isa = XCBuildConfiguration;
			buildSettings = {
				ASSETCATALOG_COMPILER_APPICON_NAME = AppIcon;
				ASSETCATALOG_COMPILER_GLOBAL_ACCENT_COLOR_NAME = AccentColor;
				CODE_SIGN_STYLE = Automatic;
				CURRENT_PROJECT_VERSION = 1;
				DEVELOPMENT_ASSET_PATHS = "\"appOneSwiftUI/Preview Content\"";
				DEVELOPMENT_TEAM = YV2MS7RRD5;
				ENABLE_PREVIEWS = YES;
				GENERATE_INFOPLIST_FILE = YES;
				INFOPLIST_FILE = appOneSwiftUI/Info.plist;
				INFOPLIST_KEY_UIApplicationSceneManifest_Generation = YES;
				INFOPLIST_KEY_UIApplicationSupportsIndirectInputEvents = YES;
				INFOPLIST_KEY_UILaunchScreen_Generation = YES;
				INFOPLIST_KEY_UISupportedInterfaceOrientations_iPad = "UIInterfaceOrientationPortrait UIInterfaceOrientationPortraitUpsideDown UIInterfaceOrientationLandscapeLeft UIInterfaceOrientationLandscapeRight";
				INFOPLIST_KEY_UISupportedInterfaceOrientations_iPhone = "UIInterfaceOrientationPortrait UIInterfaceOrientationLandscapeLeft UIInterfaceOrientationLandscapeRight";
				LD_RUNPATH_SEARCH_PATHS = (
					"$(inherited)",
					"@executable_path/Frameworks",
				);
				MARKETING_VERSION = 1.0;
				PRODUCT_BUNDLE_IDENTIFIER = com.mathis.appOneSwiftUI;
				PRODUCT_NAME = "$(TARGET_NAME)";
				SWIFT_EMIT_LOC_STRINGS = YES;
				SWIFT_VERSION = 5.0;
				TARGETED_DEVICE_FAMILY = "1,2";
			};
			name = Release;
		};
/* End XCBuildConfiguration section */

/* Begin XCConfigurationList section */
		9EA5D8A728AD320800F85BB7 /* Build configuration list for PBXProject "appOneSwiftUI" */ = {
			isa = XCConfigurationList;
			buildConfigurations = (
				9EA5D8B828AD320900F85BB7 /* Debug */,
				9EA5D8B928AD320900F85BB7 /* Release */,
			);
			defaultConfigurationIsVisible = 0;
			defaultConfigurationName = Release;
		};
		9EA5D8BA28AD320900F85BB7 /* Build configuration list for PBXNativeTarget "appOneSwiftUI" */ = {
			isa = XCConfigurationList;
			buildConfigurations = (
				9EA5D8BB28AD320900F85BB7 /* Debug */,
				9EA5D8BC28AD320900F85BB7 /* Release */,
			);
			defaultConfigurationIsVisible = 0;
			defaultConfigurationName = Release;
		};
/* End XCConfigurationList section */
	};
	rootObject = 9EA5D8A428AD320800F85BB7 /* Project object */;
}
